
Microsoft Visual Studio Solution File, Format Version 12.00
# Visual Studio Version 16
VisualStudioVersion = 16.0.30011.22
MinimumVisualStudioVersion = 10.0.40219.1
Project("{FAE04EC0-301F-11D3-BF4B-00C04F79EFBC}") = "WebApplication2", "WebApplication2\WebApplication2.csproj", "{43822A67-61AA-47C4-950F-8D8DB18CF1EC}"
EndProject
Global
	GlobalSection(SolutionConfigurationPlatforms) = preSolution
		Debug|Any CPU = Debug|Any CPU
		Release|Any CPU = Release|Any CPU
	EndGlobalSection
	GlobalSection(ProjectConfigurationPlatforms) = postSolution
		{43822A67-61AA-47C4-950F-8D8DB18CF1EC}.Debug|Any CPU.ActiveCfg = Debug|Any CPU
		{43822A67-61AA-47C4-950F-8D8DB18CF1EC}.Debug|Any CPU.Build.0 = Debug|Any CPU
		{43822A67-61AA-47C4-950F-8D8DB18CF1EC}.Release|Any CPU.ActiveCfg = Release|Any CPU
		{43822A67-61AA-47C4-950F-8D8DB18CF1EC}.Release|Any CPU.Build.0 = Release|Any CPU
	EndGlobalSection
	GlobalSection(SolutionProperties) = preSolution
		HideSolutionNode = FALSE
	EndGlobalSection
	GlobalSection(ExtensibilityGlobals) = postSolution
		SolutionGuid = {5B4185E4-D87A-45EB-A533-386C8FA371E5}
	EndGlobalSection
EndGlobal
